
Microsoft Visual Studio Solution File, Format Version 12.00
# Visual Studio Express 2013 for Windows Desktop
VisualStudioVersion = 12.0.21005.1
MinimumVisualStudioVersion = 10.0.40219.1
Project("{FAE04EC0-301F-11D3-BF4B-00C04F79EFBC}") = "TXTHelper", "TXTHelper\TXTHelper.csproj", "{C1ADC6CC-42CC-46DD-AB18-080447B997D3}"
EndProject
Project("{F2A71F9B-5D33-465A-A702-920D77279786}") = "TXTHelperViewModel", "TXTHelperViewModel\TXTHelperViewModel.fsproj", "{E660F478-B29D-4925-B12B-7F8F21859921}"
EndProject
Global
	GlobalSection(SolutionConfigurationPlatforms) = preSolution
		Debug|Any CPU = Debug|Any CPU
		Release|Any CPU = Release|Any CPU
	EndGlobalSection
	GlobalSection(ProjectConfigurationPlatforms) = postSolution
		{C1ADC6CC-42CC-46DD-AB18-080447B997D3}.Debug|Any CPU.ActiveCfg = Debug|Any CPU
		{C1ADC6CC-42CC-46DD-AB18-080447B997D3}.Debug|Any CPU.Build.0 = Debug|Any CPU
		{C1ADC6CC-42CC-46DD-AB18-080447B997D3}.Release|Any CPU.ActiveCfg = Release|Any CPU
		{C1ADC6CC-42CC-46DD-AB18-080447B997D3}.Release|Any CPU.Build.0 = Release|Any CPU
		{E660F478-B29D-4925-B12B-7F8F21859921}.Debug|Any CPU.ActiveCfg = Debug|Any CPU
		{E660F478-B29D-4925-B12B-7F8F21859921}.Debug|Any CPU.Build.0 = Debug|Any CPU
		{E660F478-B29D-4925-B12B-7F8F21859921}.Release|Any CPU.ActiveCfg = Release|Any CPU
		{E660F478-B29D-4925-B12B-7F8F21859921}.Release|Any CPU.Build.0 = Release|Any CPU
	EndGlobalSection
	GlobalSection(SolutionProperties) = preSolution
		HideSolutionNode = FALSE
	EndGlobalSection
EndGlobal
